
Microsoft Visual Studio Solution File, Format Version 12.00
# Visual Studio Version 17
VisualStudioVersion = 17.3.32901.215
MinimumVisualStudioVersion = 10.0.40219.1
Project("{FAE04EC0-301F-11D3-BF4B-00C04F79EFBC}") = "deneme", "deneme\deneme.csproj", "{C327513A-6B6F-45E3-8856-4F147DD6F0EF}"
EndProject
Global
	GlobalSection(SolutionConfigurationPlatforms) = preSolution
		Debug|Any CPU = Debug|Any CPU
		Release|Any CPU = Release|Any CPU
	EndGlobalSection
	GlobalSection(ProjectConfigurationPlatforms) = postSolution
		{C327513A-6B6F-45E3-8856-4F147DD6F0EF}.Debug|Any CPU.ActiveCfg = Debug|Any CPU
		{C327513A-6B6F-45E3-8856-4F147DD6F0EF}.Debug|Any CPU.Build.0 = Debug|Any CPU
		{C327513A-6B6F-45E3-8856-4F147DD6F0EF}.Release|Any CPU.ActiveCfg = Release|Any CPU
		{C327513A-6B6F-45E3-8856-4F147DD6F0EF}.Release|Any CPU.Build.0 = Release|Any CPU
	EndGlobalSection
	GlobalSection(SolutionProperties) = preSolution
		HideSolutionNode = FALSE
	EndGlobalSection
	GlobalSection(ExtensibilityGlobals) = postSolution
		SolutionGuid = {40A842D4-CDA7-49E5-A7AA-CF04B32192AF}
	EndGlobalSection
EndGlobal
